<Solution>
  <Folder Name="/Espresso/">
    <Project Path="Espresso/EspressoII/EspressoII.csproj" />
  </Folder>
  <Project Path="LogicFriday1.MaterialIcons/LogicFriday1.MaterialIcons.csproj" />
  <Project Path="LogicFriday1/LogicFriday1.csproj" />
  <Project Path="MaterialDesign3.MaterialColorUtilities/MaterialColorUtilities.csproj" />
</Solution>
